schema: '2.0'
stages:
  data_preparation:
    cmd: python src/stage_01_data_prepare.py
    deps:
    - path: data/data.xml
      hash: md5
      md5: a304afb96060aad90176268345e10355
      size: 37891850
    - path: src/stage_01_data_prepare.py
      hash: md5
      md5: 9952cf49b472a57ec7e97868989f489c
      size: 3174
    - path: src/utils
      hash: md5
      md5: c6b120a7a62cbc149b770bf3c46dc01b.dir
      size: 7475
      nfiles: 6
    params:
      config/params.yaml:
        Prepare:
          split: 0.3
          seed: 42
          tag: <python>
          column_names: "pid\tlabel\ttext\n"
        Training:
          seed: 42
          n_est: 1000
          n_jobs: -1
          min_split: 16
          verbose: 4
        featurization:
          max_features: 3000
          ngram_range: 4
    outs:
    - path: artifacts/prepared_data
      hash: md5
      md5: a099f983612a279b723ac6af3f60987f.dir
      size: 23886355
      nfiles: 2
  featurization:
    cmd: python src/stage_02_featurization.py
    deps:
    - path: artifacts/prepared_data
      hash: md5
      md5: a099f983612a279b723ac6af3f60987f.dir
      size: 23886355
      nfiles: 2
    - path: src/stage_02_featurization.py
      hash: md5
      md5: e42a958cbfd06dced647d69a955ce1d5
      size: 5794
    - path: src/utils
      hash: md5
      md5: c6b120a7a62cbc149b770bf3c46dc01b.dir
      size: 7475
      nfiles: 6
    params:
      config/params.yaml:
        Prepare:
          split: 0.3
          seed: 42
          tag: <python>
          column_names: "pid\tlabel\ttext\n"
        Training:
          seed: 42
          n_est: 1000
          n_jobs: -1
          min_split: 16
          verbose: 4
        featurization:
          max_features: 3000
          ngram_range: 4
    outs:
    - path: artifacts/featurized_data
      hash: md5
      md5: a63a14a8a38ba09aa822bdb581b72bec.dir
      size: 37886430
      nfiles: 4
  Model_training:
    cmd: python src/stage_03_training.py
    deps:
    - path: artifacts/featurized_data
      hash: md5
      md5: a63a14a8a38ba09aa822bdb581b72bec.dir
      size: 37886430
      nfiles: 4
    - path: src/stage_03_training.py
      hash: md5
      md5: d6cd176df9917b331cbb991525aea9db
      size: 3689
    - path: src/utils
      hash: md5
      md5: c6b120a7a62cbc149b770bf3c46dc01b.dir
      size: 7475
      nfiles: 6
    params:
      config/params.yaml:
        Prepare:
          split: 0.3
          seed: 42
          tag: <python>
          column_names: "pid\tlabel\ttext\n"
        Training:
          seed: 42
          n_est: 1000
          n_jobs: -1
          min_split: 16
          verbose: 4
        featurization:
          max_features: 3000
          ngram_range: 4
    outs:
    - path: artifacts/models
      hash: md5
      md5: 8f6549c998b52c68bc015841a6638e0c.dir
      size: 35118089
      nfiles: 1
  Model_eval:
    cmd: python src/stage_04_model_evalution.py
    deps:
    - path: artifacts/models
      hash: md5
      md5: 8f6549c998b52c68bc015841a6638e0c.dir
      size: 35118089
      nfiles: 1
    - path: src/stage_04_model_evalution.py
      hash: md5
      md5: 54fa3d2b4ec627cd04946c8817b8e5f1
      size: 5987
    - path: src/utils
      hash: md5
      md5: c6b120a7a62cbc149b770bf3c46dc01b.dir
      size: 7475
      nfiles: 6
    params:
      config/params.yaml:
        Prepare:
          split: 0.3
          seed: 42
          tag: <python>
          column_names: "pid\tlabel\ttext\n"
        Training:
          seed: 42
          n_est: 1000
          n_jobs: -1
          min_split: 16
          verbose: 4
        featurization:
          max_features: 3000
          ngram_range: 4
    outs:
    - path: metrics_scores/scores.json
      hash: md5
      md5: 40859413f685bc755b229553c663abd5
      size: 93
    - path: plot/prc.json
      hash: md5
      md5: 0779f5d12ca80bb6f1872283376286cc
      size: 206926
    - path: plot/roc.json
      hash: md5
      md5: 0f9198ea17e28998297856b4f8b6d3b7
      size: 83131
