schema: '2.0'
stages:
  data_preparation:
    cmd: python src/stage_01_data_prepare.py
    deps:
    - path: data/data.xml
      hash: md5
      md5: a304afb96060aad90176268345e10355
      size: 37891850
    - path: src/stage_01_data_prepare.py
      hash: md5
      md5: 9952cf49b472a57ec7e97868989f489c
      size: 3174
    - path: src/utils
      hash: md5
      md5: 6e90b1628b9488de01aaf9e278997836.dir
      size: 7475
      nfiles: 6
    outs:
    - path: artifacts/prepared_data
      hash: md5
      md5: ae1c3824a2f63352ee6cae1c9b3ecc6b.dir
      size: 23886355
      nfiles: 2
  featurization:
    cmd: python src/stage_02_featurization.py
    deps:
    - path: artifacts/prepared_data
      hash: md5
      md5: ae1c3824a2f63352ee6cae1c9b3ecc6b.dir
      size: 23886355
      nfiles: 2
    - path: src/stage_02_featurization.py
      hash: md5
      md5: e42a958cbfd06dced647d69a955ce1d5
      size: 5794
    - path: src/utils
      hash: md5
      md5: 6e90b1628b9488de01aaf9e278997836.dir
      size: 7475
      nfiles: 6
    outs:
    - path: artifacts/featurized_data
      hash: md5
      md5: 28e384a2c05d1207db6eb30afa6fff64.dir
      size: 37880603
      nfiles: 4
  Model_training:
    cmd: python src/stage_03_training.py
    deps:
    - path: artifacts/featurized_data
      hash: md5
      md5: 28e384a2c05d1207db6eb30afa6fff64.dir
      size: 37880603
      nfiles: 4
    - path: src/stage_03_training.py
      hash: md5
      md5: d6cd176df9917b331cbb991525aea9db
      size: 3689
    - path: src/utils
      hash: md5
      md5: 6e90b1628b9488de01aaf9e278997836.dir
      size: 7475
      nfiles: 6
    outs:
    - path: artifacts/models
      hash: md5
      md5: 173767b3223c8b3d45d82ab2226a6a3a.dir
      size: 34325929
      nfiles: 1
  Model_eval:
    cmd: python src/stage_04_model_evalution.py
    deps:
    - path: artifacts/models
      hash: md5
      md5: 173767b3223c8b3d45d82ab2226a6a3a.dir
      size: 34325929
      nfiles: 1
    - path: src/stage_04_model_evalution.py
      hash: md5
      md5: 54fa3d2b4ec627cd04946c8817b8e5f1
      size: 5987
    - path: src/utils
      hash: md5
      md5: 6e90b1628b9488de01aaf9e278997836.dir
      size: 7475
      nfiles: 6
    outs:
    - path: metrics_scores/scores.json
      hash: md5
      md5: 831f34b4c1620b5e792dfef31f0bfa6f
      size: 92
    - path: plot/prc.json
      hash: md5
      md5: 6cbab99c458a3d3a498839bde931a284
      size: 230375
    - path: plot/roc.json
      hash: md5
      md5: 306697c04feb9d8974eebe6406c5cc4b
      size: 89305
