schema: '2.0'
stages:
  data_preparation:
    cmd: python src/stage_01_data_prepare.py
    deps:
    - path: data/data.xml
      hash: md5
      md5: a304afb96060aad90176268345e10355
      size: 37891850
    - path: src/stage_01_data_prepare.py
      hash: md5
      md5: 9952cf49b472a57ec7e97868989f489c
      size: 3174
    - path: src/utils
      hash: md5
      md5: 5afeedd8cbae52205ed93fcf2adf3382.dir
      size: 6975
      nfiles: 6
    outs:
    - path: artifacts/prepared_data
      hash: md5
      md5: bddfa1c1624c6d350d2e15d8c2d59ecf.dir
      size: 23886355
      nfiles: 2
  featurization:
    cmd: python src/stage_02_featurization.py
    deps:
    - path: artifacts/prepared_data
      hash: md5
      md5: bddfa1c1624c6d350d2e15d8c2d59ecf.dir
      size: 23886355
      nfiles: 2
    - path: src/stage_02_featurization.py
      hash: md5
      md5: e42a958cbfd06dced647d69a955ce1d5
      size: 5794
    - path: src/utils
      hash: md5
      md5: 5afeedd8cbae52205ed93fcf2adf3382.dir
      size: 6975
      nfiles: 6
    outs:
    - path: artifacts/featurized_data
      hash: md5
      md5: f84e2c033cad28afba9cbbc12b4f0e6e.dir
      size: 37947266
      nfiles: 4
  Model_training:
    cmd: python src/stage_03_training.py
    deps:
    - path: artifacts/featurized_data
      hash: md5
      md5: f84e2c033cad28afba9cbbc12b4f0e6e.dir
      size: 37947266
      nfiles: 4
    - path: src/stage_03_training.py
      hash: md5
      md5: d6cd176df9917b331cbb991525aea9db
      size: 3689
    - path: src/utils
      hash: md5
      md5: 5afeedd8cbae52205ed93fcf2adf3382.dir
      size: 6975
      nfiles: 6
    outs:
    - path: artifacts/models
      hash: md5
      md5: aa71da49e3967a5e0569c7ecc92576f7.dir
      size: 35468169
      nfiles: 1
